{
  "nodes": {
    "cosmichammer": {
      "inputs": {
        "nixpkgs": [
          "nixpkgs"
        ]
      },
      "locked": {
        "lastModified": 1783114433,
        "narHash": "sha256-RbOuTtItOb516sWcSm3y1r7nX5trP5s1pfQ2htBvzys=",
        "owner": "jkhoeini",
        "repo": "cosmichammer",
        "rev": "c473acd6428f1c9413cb27aaea6f82ca510d045a",
        "type": "github"
      },
      "original": {
        "owner": "jkhoeini",
        "ref": "dev",
        "repo": "cosmichammer",
        "type": "github"
      }
    },
    "docgarden": {
      "inputs": {
        "nixpkgs": [
          "nixpkgs"
        ]
      },
      "locked": {
        "lastModified": 1780672985,
        "narHash": "sha256-SS54eTxFLYuyJLUZtKydjBDI/43zMvN3VTdzJQIil3A=",
        "ref": "main",
        "rev": "96f54a348e234e8d286d9518e90e0e331b826b73",
        "revCount": 34,
        "type": "git",
        "url": "ssh://git@github.com/jkhoeini/DocGarden"
      },
      "original": {
        "ref": "main",
        "type": "git",
        "url": "ssh://git@github.com/jkhoeini/DocGarden"
      }
    },
    "home-manager": {
      "inputs": {
        "nixpkgs": [
          "nixpkgs"
        ]
      },
      "locked": {
        "lastModified": 1783134515,
        "narHash": "sha256-qMoZazubXlXUD9k/syJ/aiWC4X4g73mwVmZ7Z4+rdpM=",
        "owner": "nix-community",
        "repo": "home-manager",
        "rev": "b885baad531fa3d3beae2ba9a0712d22974d8016",
        "type": "github"
      },
      "original": {
        "owner": "nix-community",
        "repo": "home-manager",
        "type": "github"
      }
    },
    "nix-darwin": {
      "inputs": {
        "nixpkgs": [
          "nixpkgs"
        ]
      },
      "locked": {
        "lastModified": 1781761792,
        "narHash": "sha256-rCPytmKNjctLloB6UgK5CRrHSwV4b0ygxtJLPPp8R14=",
        "owner": "LnL7",
        "repo": "nix-darwin",
        "rev": "a1fa429e945becaf60468600daf649be4ba0350c",
        "type": "github"
      },
      "original": {
        "owner": "LnL7",
        "repo": "nix-darwin",
        "type": "github"
      }
    },
    "nixpkgs": {
      "locked": {
        "lastModified": 1782978903,
        "narHash": "sha256-bG1LAS3YehMzp4RSXw99o3yMEO/Ktb0Tx29RCtEU0Tk=",
        "owner": "NixOS",
        "repo": "nixpkgs",
        "rev": "d33369954a67ae3322177dc9a3d564092912120c",
        "type": "github"
      },
      "original": {
        "owner": "NixOS",
        "ref": "nixpkgs-unstable",
        "repo": "nixpkgs",
        "type": "github"
      }
    },
    "root": {
      "inputs": {
        "cosmichammer": "cosmichammer",
        "docgarden": "docgarden",
        "home-manager": "home-manager",
        "nix-darwin": "nix-darwin",
        "nixpkgs": "nixpkgs"
      }
    }
  },
  "root": "root",
  "version": 7
}
