{
  "nodes": {
    "cosmichammer": {
      "inputs": {
        "nixpkgs": [
          "nixpkgs"
        ]
      },
      "locked": {
        "lastModified": 1781031853,
        "narHash": "sha256-qQuJVTSD+0yxP+21v84UAHA710o3jfZaQz9g/0/V6/Q=",
        "owner": "jkhoeini",
        "repo": "cosmichammer",
        "rev": "9200d9fa0bcfe82c10f0063f155dd276b5d56c6e",
        "type": "github"
      },
      "original": {
        "owner": "jkhoeini",
        "ref": "dev",
        "repo": "cosmichammer",
        "type": "github"
      }
    },
    "docgarden": {
      "inputs": {
        "nixpkgs": [
          "nixpkgs"
        ]
      },
      "locked": {
        "lastModified": 1780672985,
        "narHash": "sha256-SS54eTxFLYuyJLUZtKydjBDI/43zMvN3VTdzJQIil3A=",
        "ref": "main",
        "rev": "96f54a348e234e8d286d9518e90e0e331b826b73",
        "revCount": 34,
        "type": "git",
        "url": "ssh://git@github.com/jkhoeini/DocGarden"
      },
      "original": {
        "ref": "main",
        "type": "git",
        "url": "ssh://git@github.com/jkhoeini/DocGarden"
      }
    },
    "home-manager": {
      "inputs": {
        "nixpkgs": [
          "nixpkgs"
        ]
      },
      "locked": {
        "lastModified": 1781064232,
        "narHash": "sha256-+7cIaqM6ucKf5fDyMnkwehxG8tBdaU51TZOMtxacXmI=",
        "owner": "nix-community",
        "repo": "home-manager",
        "rev": "1ffdc28076a1809ee7c0cf08f06af18f31c480cd",
        "type": "github"
      },
      "original": {
        "owner": "nix-community",
        "repo": "home-manager",
        "type": "github"
      }
    },
    "nix-darwin": {
      "inputs": {
        "nixpkgs": [
          "nixpkgs"
        ]
      },
      "locked": {
        "lastModified": 1780795403,
        "narHash": "sha256-AkWx4Zt9pQbD/f82Z8N57+d0HGLN/rV3gdMKJTpBPKs=",
        "owner": "LnL7",
        "repo": "nix-darwin",
        "rev": "6a771120d607dcccb279a27d227650e324815c35",
        "type": "github"
      },
      "original": {
        "owner": "LnL7",
        "repo": "nix-darwin",
        "type": "github"
      }
    },
    "nixpkgs": {
      "locked": {
        "lastModified": 1780930886,
        "narHash": "sha256-rppURzHviaQN131F+nLiLdGfcb0uCd9gGP0E5+iw9MI=",
        "owner": "NixOS",
        "repo": "nixpkgs",
        "rev": "8c3cede7ddc26bd659d2d383b5610efbd2c7a16e",
        "type": "github"
      },
      "original": {
        "owner": "NixOS",
        "ref": "nixpkgs-unstable",
        "repo": "nixpkgs",
        "type": "github"
      }
    },
    "root": {
      "inputs": {
        "cosmichammer": "cosmichammer",
        "docgarden": "docgarden",
        "home-manager": "home-manager",
        "nix-darwin": "nix-darwin",
        "nixpkgs": "nixpkgs"
      }
    }
  },
  "root": "root",
  "version": 7
}
