{
  "nodes": {
    "cosmichammer": {
      "inputs": {
        "nixpkgs": [
          "nixpkgs"
        ]
      },
      "locked": {
        "lastModified": 1780072858,
        "narHash": "sha256-orp0JN75DwWQiqcqf6g1FKP9b7bF5mq6v8nf0Ho6tVs=",
        "owner": "jkhoeini",
        "repo": "cosmichammer",
        "rev": "58972f664c9a146b3d08182644bee93f4cdc7eff",
        "type": "github"
      },
      "original": {
        "owner": "jkhoeini",
        "ref": "dev",
        "repo": "cosmichammer",
        "type": "github"
      }
    },
    "docgarden": {
      "inputs": {
        "nixpkgs": [
          "nixpkgs"
        ]
      },
      "locked": {
        "lastModified": 1780167364,
        "narHash": "sha256-Wd9VPSwQKvdBys0VetQ9kdFe0jTYOyKHLjFYdsKNI4s=",
        "ref": "main",
        "rev": "3a07e919ac00ca49157130f87be112b93eebca3c",
        "revCount": 9,
        "type": "git",
        "url": "ssh://git@github.com/jkhoeini/DocGarden"
      },
      "original": {
        "ref": "main",
        "type": "git",
        "url": "ssh://git@github.com/jkhoeini/DocGarden"
      }
    },
    "home-manager": {
      "inputs": {
        "nixpkgs": [
          "nixpkgs"
        ]
      },
      "locked": {
        "lastModified": 1780099287,
        "narHash": "sha256-efIPwVGtIWIjWcznhaop6XN6HxnOL8800hF6CBNvlqQ=",
        "owner": "nix-community",
        "repo": "home-manager",
        "rev": "7d8127d308c3fb9664f7e643eec944be74ebb37d",
        "type": "github"
      },
      "original": {
        "owner": "nix-community",
        "repo": "home-manager",
        "type": "github"
      }
    },
    "nix-darwin": {
      "inputs": {
        "nixpkgs": [
          "nixpkgs"
        ]
      },
      "locked": {
        "lastModified": 1779036909,
        "narHash": "sha256-zXcwYQGCT6pzinK+1dBB2ekTVtfxGZAapb3Evdcu4fY=",
        "owner": "LnL7",
        "repo": "nix-darwin",
        "rev": "56c666e108467d87d13508936aade6d567f2a501",
        "type": "github"
      },
      "original": {
        "owner": "LnL7",
        "repo": "nix-darwin",
        "type": "github"
      }
    },
    "nixpkgs": {
      "locked": {
        "lastModified": 1780030872,
        "narHash": "sha256-u6WU/yd/o8iYQrHX3RAwO1hYa3LkoSL+WNQD0rJfJZQ=",
        "owner": "NixOS",
        "repo": "nixpkgs",
        "rev": "e9a7635a57597d9754eccebdfc7045e6c8600e6b",
        "type": "github"
      },
      "original": {
        "owner": "NixOS",
        "ref": "nixpkgs-unstable",
        "repo": "nixpkgs",
        "type": "github"
      }
    },
    "root": {
      "inputs": {
        "cosmichammer": "cosmichammer",
        "docgarden": "docgarden",
        "home-manager": "home-manager",
        "nix-darwin": "nix-darwin",
        "nixpkgs": "nixpkgs"
      }
    }
  },
  "root": "root",
  "version": 7
}
